
Microsoft Visual Studio Solution File, Format Version 12.00
# Visual Studio Version 16
VisualStudioVersion = 16.0.30517.126
MinimumVisualStudioVersion = 10.0.40219.1
Project("{9A19103F-16F7-4668-BE54-9A1E7A4F7556}") = "SUS.HTTP", "SUS.HTTP\SUS.HTTP.csproj", "{6EF664E1-15BC-4E31-9B31-68C3DC139D1B}"
EndProject
Project("{9A19103F-16F7-4668-BE54-9A1E7A4F7556}") = "SUS.MvcFramework", "SUS.MvcFramework\SUS.MvcFramework.csproj", "{A21101D2-3BD3-4B6A-A854-7D5176A43C44}"
EndProject
Project("{2150E333-8FDC-42A3-9474-1A3956D46DE8}") = "Apps", "Apps", "{D058481A-B479-499D-ADB8-9108A526A334}"
EndProject
Project("{9A19103F-16F7-4668-BE54-9A1E7A4F7556}") = "SUS.MvcFramework.Tests", "SUS.MvcFramework.Tests\SUS.MvcFramework.Tests.csproj", "{618B3213-02EA-4E28-B5D1-9F7BC2EDCFDB}"
EndProject
Project("{9A19103F-16F7-4668-BE54-9A1E7A4F7556}") = "BattleCards", "Apps\BattleCards.csproj", "{03221B1D-353B-4AD3-BCAF-13D6DA1E3F05}"
EndProject
Project("{9A19103F-16F7-4668-BE54-9A1E7A4F7556}") = "IRunes", "IRunes\IRunes.csproj", "{936BCF71-06A7-4861-94A8-E8DB3A87A293}"
EndProject
Project("{9A19103F-16F7-4668-BE54-9A1E7A4F7556}") = "SULS", "SULS\SULS.csproj", "{C19CBB06-9D4B-41DD-95A9-F1A7B3D96C45}"
EndProject
Project("{FAE04EC0-301F-11D3-BF4B-00C04F79EFBC}") = "SharedTrip", "SharedTrip\SharedTrip.csproj", "{E2FC075B-2934-4BBA-8ADA-B9EA235B5DDF}"
EndProject
Global
	GlobalSection(SolutionConfigurationPlatforms) = preSolution
		Debug|Any CPU = Debug|Any CPU
		Release|Any CPU = Release|Any CPU
	EndGlobalSection
	GlobalSection(ProjectConfigurationPlatforms) = postSolution
		{6EF664E1-15BC-4E31-9B31-68C3DC139D1B}.Debug|Any CPU.ActiveCfg = Debug|Any CPU
		{6EF664E1-15BC-4E31-9B31-68C3DC139D1B}.Debug|Any CPU.Build.0 = Debug|Any CPU
		{6EF664E1-15BC-4E31-9B31-68C3DC139D1B}.Release|Any CPU.ActiveCfg = Release|Any CPU
		{6EF664E1-15BC-4E31-9B31-68C3DC139D1B}.Release|Any CPU.Build.0 = Release|Any CPU
		{A21101D2-3BD3-4B6A-A854-7D5176A43C44}.Debug|Any CPU.ActiveCfg = Debug|Any CPU
		{A21101D2-3BD3-4B6A-A854-7D5176A43C44}.Debug|Any CPU.Build.0 = Debug|Any CPU
		{A21101D2-3BD3-4B6A-A854-7D5176A43C44}.Release|Any CPU.ActiveCfg = Release|Any CPU
		{A21101D2-3BD3-4B6A-A854-7D5176A43C44}.Release|Any CPU.Build.0 = Release|Any CPU
		{618B3213-02EA-4E28-B5D1-9F7BC2EDCFDB}.Debug|Any CPU.ActiveCfg = Debug|Any CPU
		{618B3213-02EA-4E28-B5D1-9F7BC2EDCFDB}.Debug|Any CPU.Build.0 = Debug|Any CPU
		{618B3213-02EA-4E28-B5D1-9F7BC2EDCFDB}.Release|Any CPU.ActiveCfg = Release|Any CPU
		{618B3213-02EA-4E28-B5D1-9F7BC2EDCFDB}.Release|Any CPU.Build.0 = Release|Any CPU
		{03221B1D-353B-4AD3-BCAF-13D6DA1E3F05}.Debug|Any CPU.ActiveCfg = Debug|Any CPU
		{03221B1D-353B-4AD3-BCAF-13D6DA1E3F05}.Debug|Any CPU.Build.0 = Debug|Any CPU
		{03221B1D-353B-4AD3-BCAF-13D6DA1E3F05}.Release|Any CPU.ActiveCfg = Release|Any CPU
		{03221B1D-353B-4AD3-BCAF-13D6DA1E3F05}.Release|Any CPU.Build.0 = Release|Any CPU
		{936BCF71-06A7-4861-94A8-E8DB3A87A293}.Debug|Any CPU.ActiveCfg = Debug|Any CPU
		{936BCF71-06A7-4861-94A8-E8DB3A87A293}.Debug|Any CPU.Build.0 = Debug|Any CPU
		{936BCF71-06A7-4861-94A8-E8DB3A87A293}.Release|Any CPU.ActiveCfg = Release|Any CPU
		{936BCF71-06A7-4861-94A8-E8DB3A87A293}.Release|Any CPU.Build.0 = Release|Any CPU
		{C19CBB06-9D4B-41DD-95A9-F1A7B3D96C45}.Debug|Any CPU.ActiveCfg = Debug|Any CPU
		{C19CBB06-9D4B-41DD-95A9-F1A7B3D96C45}.Debug|Any CPU.Build.0 = Debug|Any CPU
		{C19CBB06-9D4B-41DD-95A9-F1A7B3D96C45}.Release|Any CPU.ActiveCfg = Release|Any CPU
		{C19CBB06-9D4B-41DD-95A9-F1A7B3D96C45}.Release|Any CPU.Build.0 = Release|Any CPU
		{E2FC075B-2934-4BBA-8ADA-B9EA235B5DDF}.Debug|Any CPU.ActiveCfg = Debug|Any CPU
		{E2FC075B-2934-4BBA-8ADA-B9EA235B5DDF}.Debug|Any CPU.Build.0 = Debug|Any CPU
		{E2FC075B-2934-4BBA-8ADA-B9EA235B5DDF}.Release|Any CPU.ActiveCfg = Release|Any CPU
		{E2FC075B-2934-4BBA-8ADA-B9EA235B5DDF}.Release|Any CPU.Build.0 = Release|Any CPU
	EndGlobalSection
	GlobalSection(SolutionProperties) = preSolution
		HideSolutionNode = FALSE
	EndGlobalSection
	GlobalSection(NestedProjects) = preSolution
		{03221B1D-353B-4AD3-BCAF-13D6DA1E3F05} = {D058481A-B479-499D-ADB8-9108A526A334}
		{936BCF71-06A7-4861-94A8-E8DB3A87A293} = {D058481A-B479-499D-ADB8-9108A526A334}
		{C19CBB06-9D4B-41DD-95A9-F1A7B3D96C45} = {D058481A-B479-499D-ADB8-9108A526A334}
		{E2FC075B-2934-4BBA-8ADA-B9EA235B5DDF} = {D058481A-B479-499D-ADB8-9108A526A334}
	EndGlobalSection
	GlobalSection(ExtensibilityGlobals) = postSolution
		SolutionGuid = {1DE8A1FE-A195-4206-8DF0-E23F1C7707C8}
	EndGlobalSection
EndGlobal
