
Microsoft Visual Studio Solution File, Format Version 12.00
# Visual Studio Version 16
VisualStudioVersion = 16.0.30309.148
MinimumVisualStudioVersion = 10.0.40219.1
Project("{9A19103F-16F7-4668-BE54-9A1E7A4F7556}") = "RealEstate.ConsoleApplication", "RealEstate.ConsoleApplication\RealEstate.ConsoleApplication.csproj", "{A9A307B6-0C91-4D29-A5ED-75F281AF903F}"
EndProject
Project("{9A19103F-16F7-4668-BE54-9A1E7A4F7556}") = "RealEstates.Importer", "RealEstates.Importer\RealEstates.Importer.csproj", "{873FB5DF-4551-4661-BC5F-EA889AC0A18B}"
EndProject
Project("{9A19103F-16F7-4668-BE54-9A1E7A4F7556}") = "RealEstates.Services", "RealEstates.Services\RealEstates.Services.csproj", "{0ECC748E-13C9-4ECA-BC48-66536D959F5C}"
EndProject
Project("{9A19103F-16F7-4668-BE54-9A1E7A4F7556}") = "RealEstates.Models", "RealEstates.Models\RealEstates.Models.csproj", "{F7CA98CF-CF2B-487E-B347-BCAE76090ACB}"
EndProject
Project("{9A19103F-16F7-4668-BE54-9A1E7A4F7556}") = "RealEstates.Data", "RealEstates.Data\RealEstates.Data.csproj", "{FE2A2961-2D9C-408C-9D62-6C5AC377217B}"
EndProject
Project("{FAE04EC0-301F-11D3-BF4B-00C04F79EFBC}") = "RealEstate.Web", "RealEstate.Web\RealEstate.Web.csproj", "{DD4E007A-B917-492F-8682-61C84D9C00DA}"
EndProject
Global
	GlobalSection(SolutionConfigurationPlatforms) = preSolution
		Debug|Any CPU = Debug|Any CPU
		Release|Any CPU = Release|Any CPU
	EndGlobalSection
	GlobalSection(ProjectConfigurationPlatforms) = postSolution
		{A9A307B6-0C91-4D29-A5ED-75F281AF903F}.Debug|Any CPU.ActiveCfg = Debug|Any CPU
		{A9A307B6-0C91-4D29-A5ED-75F281AF903F}.Debug|Any CPU.Build.0 = Debug|Any CPU
		{A9A307B6-0C91-4D29-A5ED-75F281AF903F}.Release|Any CPU.ActiveCfg = Release|Any CPU
		{A9A307B6-0C91-4D29-A5ED-75F281AF903F}.Release|Any CPU.Build.0 = Release|Any CPU
		{873FB5DF-4551-4661-BC5F-EA889AC0A18B}.Debug|Any CPU.ActiveCfg = Debug|Any CPU
		{873FB5DF-4551-4661-BC5F-EA889AC0A18B}.Debug|Any CPU.Build.0 = Debug|Any CPU
		{873FB5DF-4551-4661-BC5F-EA889AC0A18B}.Release|Any CPU.ActiveCfg = Release|Any CPU
		{873FB5DF-4551-4661-BC5F-EA889AC0A18B}.Release|Any CPU.Build.0 = Release|Any CPU
		{0ECC748E-13C9-4ECA-BC48-66536D959F5C}.Debug|Any CPU.ActiveCfg = Debug|Any CPU
		{0ECC748E-13C9-4ECA-BC48-66536D959F5C}.Debug|Any CPU.Build.0 = Debug|Any CPU
		{0ECC748E-13C9-4ECA-BC48-66536D959F5C}.Release|Any CPU.ActiveCfg = Release|Any CPU
		{0ECC748E-13C9-4ECA-BC48-66536D959F5C}.Release|Any CPU.Build.0 = Release|Any CPU
		{F7CA98CF-CF2B-487E-B347-BCAE76090ACB}.Debug|Any CPU.ActiveCfg = Debug|Any CPU
		{F7CA98CF-CF2B-487E-B347-BCAE76090ACB}.Debug|Any CPU.Build.0 = Debug|Any CPU
		{F7CA98CF-CF2B-487E-B347-BCAE76090ACB}.Release|Any CPU.ActiveCfg = Release|Any CPU
		{F7CA98CF-CF2B-487E-B347-BCAE76090ACB}.Release|Any CPU.Build.0 = Release|Any CPU
		{FE2A2961-2D9C-408C-9D62-6C5AC377217B}.Debug|Any CPU.ActiveCfg = Debug|Any CPU
		{FE2A2961-2D9C-408C-9D62-6C5AC377217B}.Debug|Any CPU.Build.0 = Debug|Any CPU
		{FE2A2961-2D9C-408C-9D62-6C5AC377217B}.Release|Any CPU.ActiveCfg = Release|Any CPU
		{FE2A2961-2D9C-408C-9D62-6C5AC377217B}.Release|Any CPU.Build.0 = Release|Any CPU
		{DD4E007A-B917-492F-8682-61C84D9C00DA}.Debug|Any CPU.ActiveCfg = Debug|Any CPU
		{DD4E007A-B917-492F-8682-61C84D9C00DA}.Debug|Any CPU.Build.0 = Debug|Any CPU
		{DD4E007A-B917-492F-8682-61C84D9C00DA}.Release|Any CPU.ActiveCfg = Release|Any CPU
		{DD4E007A-B917-492F-8682-61C84D9C00DA}.Release|Any CPU.Build.0 = Release|Any CPU
	EndGlobalSection
	GlobalSection(SolutionProperties) = preSolution
		HideSolutionNode = FALSE
	EndGlobalSection
	GlobalSection(ExtensibilityGlobals) = postSolution
		SolutionGuid = {0E4C6B39-3201-4776-AB67-437FED80132D}
	EndGlobalSection
EndGlobal
